// !$*UTF8*$!
{
	archiveVersion = 1;
	classes = {
	};
	objectVersion = 48;
	objects = {

/* Begin PBXBuildFile section */
		06E0D89C208FB09900EBDABA /* AppDelegate.swift in Sources */ = {isa = PBXBuildFile; fileRef = 06E0D89B208FB09900EBDABA /* AppDelegate.swift */; };
		06E0D89E208FB09900EBDABA /* ViewController.swift in Sources */ = {isa = PBXBuildFile; fileRef = 06E0D89D208FB09900EBDABA /* ViewController.swift */; };
		06E0D8A1208FB09900EBDABA /* Main.storyboard in Resources */ = {isa = PBXBuildFile; fileRef = 06E0D89F208FB09900EBDABA /* Main.storyboard */; };
		06E0D8A4208FB09900EBDABA /* Currency_Converter.xcdatamodeld in Sources */ = {isa = PBXBuildFile; fileRef = 06E0D8A2208FB09900EBDABA /* Currency_Converter.xcdatamodeld */; };
		06E0D8A6208FB09900EBDABA /* Assets.xcassets in Resources */ = {isa = PBXBuildFile; fileRef = 06E0D8A5208FB09900EBDABA /* Assets.xcassets */; };
		06E0D8A9208FB09900EBDABA /* LaunchScreen.storyboard in Resources */ = {isa = PBXBuildFile; fileRef = 06E0D8A7208FB09900EBDABA /* LaunchScreen.storyboard */; };
		06E0D8B4208FB09900EBDABA /* Currency_ConverterTests.swift in Sources */ = {isa = PBXBuildFile; fileRef = 06E0D8B3208FB09900EBDABA /* Currency_ConverterTests.swift */; };
/* End PBXBuildFile section */

/* Begin PBXContainerItemProxy section */
		06E0D8B0208FB09900EBDABA /* PBXContainerItemProxy */ = {
			isa = PBXContainerItemProxy;
			containerPortal = 06E0D890208FB09800EBDABA /* Project object */;
			proxyType = 1;
			remoteGlobalIDString = 06E0D897208FB09900EBDABA;
			remoteInfo = "Currency Converter";
		};
/* End PBXContainerItemProxy section */

/* Begin PBXFileReference section */
		06E0D898208FB09900EBDABA /* Currency Converter.app */ = {isa = PBXFileReference; explicitFileType = wrapper.application; includeInIndex = 0; path = "Currency Converter.app"; sourceTree = BUILT_PRODUCTS_DIR; };
		06E0D89B208FB09900EBDABA /* AppDelegate.swift */ = {isa = PBXFileReference; lastKnownFileType = sourcecode.swift; path = AppDelegate.swift; sourceTree = "<group>"; };
		06E0D89D208FB09900EBDABA /* ViewController.swift */ = {isa = PBXFileReference; lastKnownFileType = sourcecode.swift; path = ViewController.swift; sourceTree = "<group>"; };
		06E0D8A0208FB09900EBDABA /* Base */ = {isa = PBXFileReference; lastKnownFileType = file.storyboard; name = Base; path = Base.lproj/Main.storyboard; sourceTree = "<group>"; };
		06E0D8A3208FB09900EBDABA /* Currency_Converter.xcdatamodel */ = {isa = PBXFileReference; lastKnownFileType = wrapper.xcdatamodel; path = Currency_Converter.xcdatamodel; sourceTree = "<group>"; };
		06E0D8A5208FB09900EBDABA /* Assets.xcassets */ = {isa = PBXFileReference; lastKnownFileType = folder.assetcatalog; path = Assets.xcassets; sourceTree = "<group>"; };
		06E0D8A8208FB09900EBDABA /* Base */ = {isa = PBXFileReference; lastKnownFileType = file.storyboard; name = Base; path = Base.lproj/LaunchScreen.storyboard; sourceTree = "<group>"; };
		06E0D8AA208FB09900EBDABA /* Info.plist */ = {isa = PBXFileReference; lastKnownFileType = text.plist.xml; path = Info.plist; sourceTree = "<group>"; };
		06E0D8AF208FB09900EBDABA /* Currency ConverterTests.xctest */ = {isa = PBXFileReference; explicitFileType = wrapper.cfbundle; includeInIndex = 0; path = "Currency ConverterTests.xctest"; sourceTree = BUILT_PRODUCTS_DIR; };
		06E0D8B3208FB09900EBDABA /* Currency_ConverterTests.swift */ = {isa = PBXFileReference; lastKnownFileType = sourcecode.swift; path = Currency_ConverterTests.swift; sourceTree = "<group>"; };
		06E0D8B5208FB09900EBDABA /* Info.plist */ = {isa = PBXFileReference; lastKnownFileType = text.plist.xml; path = Info.plist; sourceTree = "<group>"; };
/* End PBXFileReference section */

/* Begin PBXFrameworksBuildPhase section */
		06E0D895208FB09900EBDABA /* Frameworks */ = {
			isa = PBXFrameworksBuildPhase;
			buildActionMask = 2147483647;
			files = (
			);
			runOnlyForDeploymentPostprocessing = 0;
		};
		06E0D8AC208FB09900EBDABA /* Frameworks */ = {
			isa = PBXFrameworksBuildPhase;
			buildActionMask = 2147483647;
			files = (
			);
			runOnlyForDeploymentPostprocessing = 0;
		};
/* End PBXFrameworksBuildPhase section */

/* Begin PBXGroup section */
		06E0D88F208FB09800EBDABA = {
			isa = PBXGroup;
			children = (
				06E0D89A208FB09900EBDABA /* Currency Converter */,
				06E0D8B2208FB09900EBDABA /* Currency ConverterTests */,
				06E0D899208FB09900EBDABA /* Products */,
			);
			sourceTree = "<group>";
		};
		06E0D899208FB09900EBDABA /* Products */ = {
			isa = PBXGroup;
			children = (
				06E0D898208FB09900EBDABA /* Currency Converter.app */,
				06E0D8AF208FB09900EBDABA /* Currency ConverterTests.xctest */,
			);
			name = Products;
			sourceTree = "<group>";
		};
		06E0D89A208FB09900EBDABA /* Currency Converter */ = {
			isa = PBXGroup;
			children = (
				06E0D89B208FB09900EBDABA /* AppDelegate.swift */,
				06E0D89D208FB09900EBDABA /* ViewController.swift */,
				06E0D89F208FB09900EBDABA /* Main.storyboard */,
				06E0D8A5208FB09900EBDABA /* Assets.xcassets */,
				06E0D8A7208FB09900EBDABA /* LaunchScreen.storyboard */,
				06E0D8AA208FB09900EBDABA /* Info.plist */,
				06E0D8A2208FB09900EBDABA /* Currency_Converter.xcdatamodeld */,
			);
			path = "Currency Converter";
			sourceTree = "<group>";
		};
		06E0D8B2208FB09900EBDABA /* Currency ConverterTests */ = {
			isa = PBXGroup;
			children = (
				06E0D8B3208FB09900EBDABA /* Currency_ConverterTests.swift */,
				06E0D8B5208FB09900EBDABA /* Info.plist */,
			);
			path = "Currency ConverterTests";
			sourceTree = "<group>";
		};
/* End PBXGroup section */

/* Begin PBXNativeTarget section */
		06E0D897208FB09900EBDABA /* Currency Converter */ = {
			isa = PBXNativeTarget;
			buildConfigurationList = 06E0D8B8208FB09900EBDABA /* Build configuration list for PBXNativeTarget "Currency Converter" */;
			buildPhases = (
				06E0D894208FB09900EBDABA /* Sources */,
				06E0D895208FB09900EBDABA /* Frameworks */,
				06E0D896208FB09900EBDABA /* Resources */,
			);
			buildRules = (
			);
			dependencies = (
			);
			name = "Currency Converter";
			productName = "Currency Converter";
			productReference = 06E0D898208FB09900EBDABA /* Currency Converter.app */;
			productType = "com.apple.product-type.application";
		};
		06E0D8AE208FB09900EBDABA /* Currency ConverterTests */ = {
			isa = PBXNativeTarget;
			buildConfigurationList = 06E0D8BB208FB09900EBDABA /* Build configuration list for PBXNativeTarget "Currency ConverterTests" */;
			buildPhases = (
				06E0D8AB208FB09900EBDABA /* Sources */,
				06E0D8AC208FB09900EBDABA /* Frameworks */,
				06E0D8AD208FB09900EBDABA /* Resources */,
			);
			buildRules = (
			);
			dependencies = (
				06E0D8B1208FB09900EBDABA /* PBXTargetDependency */,
			);
			name = "Currency ConverterTests";
			productName = "Currency ConverterTests";
			productReference = 06E0D8AF208FB09900EBDABA /* Currency ConverterTests.xctest */;
			productType = "com.apple.product-type.bundle.unit-test";
		};
/* End PBXNativeTarget section */

/* Begin PBXProject section */
		06E0D890208FB09800EBDABA /* Project object */ = {
			isa = PBXProject;
			attributes = {
				LastSwiftUpdateCheck = 0920;
				LastUpgradeCheck = 0920;
				ORGANIZATIONNAME = "Alvin Fong";
				TargetAttributes = {
					06E0D897208FB09900EBDABA = {
						CreatedOnToolsVersion = 9.2;
						ProvisioningStyle = Automatic;
					};
					06E0D8AE208FB09900EBDABA = {
						CreatedOnToolsVersion = 9.2;
						ProvisioningStyle = Automatic;
						TestTargetID = 06E0D897208FB09900EBDABA;
					};
				};
			};
			buildConfigurationList = 06E0D893208FB09800EBDABA /* Build configuration list for PBXProject "Currency Converter" */;
			compatibilityVersion = "Xcode 8.0";
			developmentRegion = en;
			hasScannedForEncodings = 0;
			knownRegions = (
				en,
				Base,
			);
			mainGroup = 06E0D88F208FB09800EBDABA;
			productRefGroup = 06E0D899208FB09900EBDABA /* Products */;
			projectDirPath = "";
			projectRoot = "";
			targets = (
				06E0D897208FB09900EBDABA /* Currency Converter */,
				06E0D8AE208FB09900EBDABA /* Currency ConverterTests */,
			);
		};
/* End PBXProject section */

/* Begin PBXResourcesBuildPhase section */
		06E0D896208FB09900EBDABA /* Resources */ = {
			isa = PBXResourcesBuildPhase;
			buildActionMask = 2147483647;
			files = (
				06E0D8A9208FB09900EBDABA /* LaunchScreen.storyboard in Resources */,
				06E0D8A6208FB09900EBDABA /* Assets.xcassets in Resources */,
				06E0D8A1208FB09900EBDABA /* Main.storyboard in Resources */,
			);
			runOnlyForDeploymentPostprocessing = 0;
		};
		06E0D8AD208FB09900EBDABA /* Resources */ = {
			isa = PBXResourcesBuildPhase;
			buildActionMask = 2147483647;
			files = (
			);
			runOnlyForDeploymentPostprocessing = 0;
		};
/* End PBXResourcesBuildPhase section */

/* Begin PBXSourcesBuildPhase section */
		06E0D894208FB09900EBDABA /* Sources */ = {
			isa = PBXSourcesBuildPhase;
			buildActionMask = 2147483647;
			files = (
				06E0D89E208FB09900EBDABA /* ViewController.swift in Sources */,
				06E0D8A4208FB09900EBDABA /* Currency_Converter.xcdatamodeld in Sources */,
				06E0D89C208FB09900EBDABA /* AppDelegate.swift in Sources */,
			);
			runOnlyForDeploymentPostprocessing = 0;
		};
		06E0D8AB208FB09900EBDABA /* Sources */ = {
			isa = PBXSourcesBuildPhase;
			buildActionMask = 2147483647;
			files = (
				06E0D8B4208FB09900EBDABA /* Currency_ConverterTests.swift in Sources */,
			);
			runOnlyForDeploymentPostprocessing = 0;
		};
/* End PBXSourcesBuildPhase section */

/* Begin PBXTargetDependency section */
		06E0D8B1208FB09900EBDABA /* PBXTargetDependency */ = {
			isa = PBXTargetDependency;
			target = 06E0D897208FB09900EBDABA /* Currency Converter */;
			targetProxy = 06E0D8B0208FB09900EBDABA /* PBXContainerItemProxy */;
		};
/* End PBXTargetDependency section */

/* Begin PBXVariantGroup section */
		06E0D89F208FB09900EBDABA /* Main.storyboard */ = {
			isa = PBXVariantGroup;
			children = (
				06E0D8A0208FB09900EBDABA /* Base */,
			);
			name = Main.storyboard;
			sourceTree = "<group>";
		};
		06E0D8A7208FB09900EBDABA /* LaunchScreen.storyboard */ = {
			isa = PBXVariantGroup;
			children = (
				06E0D8A8208FB09900EBDABA /* Base */,
			);
			name = LaunchScreen.storyboard;
			sourceTree = "<group>";
		};
/* End PBXVariantGroup section */

/* Begin XCBuildConfiguration section */
		06E0D8B6208FB09900EBDABA /* Debug */ = {
			isa = XCBuildConfiguration;
			buildSettings = {
				ALWAYS_SEARCH_USER_PATHS = NO;
				CLANG_ANALYZER_NONNULL = YES;
				CLANG_ANALYZER_NUMBER_OBJECT_CONVERSION = YES_AGGRESSIVE;
				CLANG_CXX_LANGUAGE_STANDARD = "gnu++14";
				CLANG_CXX_LIBRARY = "libc++";
				CLANG_ENABLE_MODULES = YES;
				CLANG_ENABLE_OBJC_ARC = YES;
				CLANG_WARN_BLOCK_CAPTURE_AUTORELEASING = YES;
				CLANG_WARN_BOOL_CONVERSION = YES;
				CLANG_WARN_COMMA = YES;
				CLANG_WARN_CONSTANT_CONVERSION = YES;
				CLANG_WARN_DIRECT_OBJC_ISA_USAGE = YES_ERROR;
				CLANG_WARN_DOCUMENTATION_COMMENTS = YES;
				CLANG_WARN_EMPTY_BODY = YES;
				CLANG_WARN_ENUM_CONVERSION = YES;
				CLANG_WARN_INFINITE_RECURSION = YES;
				CLANG_WARN_INT_CONVERSION = YES;
				CLANG_WARN_NON_LITERAL_NULL_CONVERSION = YES;
				CLANG_WARN_OBJC_LITERAL_CONVERSION = YES;
				CLANG_WARN_OBJC_ROOT_CLASS = YES_ERROR;
				CLANG_WARN_RANGE_LOOP_ANALYSIS = YES;
				CLANG_WARN_STRICT_PROTOTYPES = YES;
				CLANG_WARN_SUSPICIOUS_MOVE = YES;
				CLANG_WARN_UNGUARDED_AVAILABILITY = YES_AGGRESSIVE;
				CLANG_WARN_UNREACHABLE_CODE = YES;
				CLANG_WARN__DUPLICATE_METHOD_MATCH = YES;
				CODE_SIGN_IDENTITY = "iPhone Developer";
				COPY_PHASE_STRIP = NO;
				DEBUG_INFORMATION_FORMAT = dwarf;
				ENABLE_STRICT_OBJC_MSGSEND = YES;
				ENABLE_TESTABILITY = YES;
				GCC_C_LANGUAGE_STANDARD = gnu11;
				GCC_DYNAMIC_NO_PIC = NO;
				GCC_NO_COMMON_BLOCKS = YES;
				GCC_OPTIMIZATION_LEVEL = 0;
				GCC_PREPROCESSOR_DEFINITIONS = (
					"DEBUG=1",
					"$(inherited)",
				);
				GCC_WARN_64_TO_32_BIT_CONVERSION = YES;
				GCC_WARN_ABOUT_RETURN_TYPE = YES_ERROR;
				GCC_WARN_UNDECLARED_SELECTOR = YES;
				GCC_WARN_UNINITIALIZED_AUTOS = YES_AGGRESSIVE;
				GCC_WARN_UNUSED_FUNCTION = YES;
				GCC_WARN_UNUSED_VARIABLE = YES;
				IPHONEOS_DEPLOYMENT_TARGET = 11.2;
				MTL_ENABLE_DEBUG_INFO = YES;
				ONLY_ACTIVE_ARCH = YES;
				SDKROOT = iphoneos;
				SWIFT_ACTIVE_COMPILATION_CONDITIONS = DEBUG;
				SWIFT_OPTIMIZATION_LEVEL = "-Onone";
			};
			name = Debug;
		};
		06E0D8B7208FB09900EBDABA /* Release */ = {
			isa = XCBuildConfiguration;
			buildSettings = {
				ALWAYS_SEARCH_USER_PATHS = NO;
				CLANG_ANALYZER_NONNULL = YES;
				CLANG_ANALYZER_NUMBER_OBJECT_CONVERSION = YES_AGGRESSIVE;
				CLANG_CXX_LANGUAGE_STANDARD = "gnu++14";
				CLANG_CXX_LIBRARY = "libc++";
				CLANG_ENABLE_MODULES = YES;
				CLANG_ENABLE_OBJC_ARC = YES;
				CLANG_WARN_BLOCK_CAPTURE_AUTORELEASING = YES;
				CLANG_WARN_BOOL_CONVERSION = YES;
				CLANG_WARN_COMMA = YES;
				CLANG_WARN_CONSTANT_CONVERSION = YES;
				CLANG_WARN_DIRECT_OBJC_ISA_USAGE = YES_ERROR;
				CLANG_WARN_DOCUMENTATION_COMMENTS = YES;
				CLANG_WARN_EMPTY_BODY = YES;
				CLANG_WARN_ENUM_CONVERSION = YES;
				CLANG_WARN_INFINITE_RECURSION = YES;
				CLANG_WARN_INT_CONVERSION = YES;
				CLANG_WARN_NON_LITERAL_NULL_CONVERSION = YES;
				CLANG_WARN_OBJC_LITERAL_CONVERSION = YES;
				CLANG_WARN_OBJC_ROOT_CLASS = YES_ERROR;
				CLANG_WARN_RANGE_LOOP_ANALYSIS = YES;
				CLANG_WARN_STRICT_PROTOTYPES = YES;
				CLANG_WARN_SUSPICIOUS_MOVE = YES;
				CLANG_WARN_UNGUARDED_AVAILABILITY = YES_AGGRESSIVE;
				CLANG_WARN_UNREACHABLE_CODE = YES;
				CLANG_WARN__DUPLICATE_METHOD_MATCH = YES;
				CODE_SIGN_IDENTITY = "iPhone Developer";
				COPY_PHASE_STRIP = NO;
				DEBUG_INFORMATION_FORMAT = "dwarf-with-dsym";
				ENABLE_NS_ASSERTIONS = NO;
				ENABLE_STRICT_OBJC_MSGSEND = YES;
				GCC_C_LANGUAGE_STANDARD = gnu11;
				GCC_NO_COMMON_BLOCKS = YES;
				GCC_WARN_64_TO_32_BIT_CONVERSION = YES;
				GCC_WARN_ABOUT_RETURN_TYPE = YES_ERROR;
				GCC_WARN_UNDECLARED_SELECTOR = YES;
				GCC_WARN_UNINITIALIZED_AUTOS = YES_AGGRESSIVE;
				GCC_WARN_UNUSED_FUNCTION = YES;
				GCC_WARN_UNUSED_VARIABLE = YES;
				IPHONEOS_DEPLOYMENT_TARGET = 11.2;
				MTL_ENABLE_DEBUG_INFO = NO;
				SDKROOT = iphoneos;
				SWIFT_OPTIMIZATION_LEVEL = "-Owholemodule";
				VALIDATE_PRODUCT = YES;
			};
			name = Release;
		};
		06E0D8B9208FB09900EBDABA /* Debug */ = {
			isa = XCBuildConfiguration;
			buildSettings = {
				ASSETCATALOG_COMPILER_APPICON_NAME = AppIcon;
				CODE_SIGN_STYLE = Automatic;
				INFOPLIST_FILE = "Currency Converter/Info.plist";
				LD_RUNPATH_SEARCH_PATHS = "$(inherited) @executable_path/Frameworks";
				PRODUCT_BUNDLE_IDENTIFIER = "com.alvinc.Currency-Converter";
				PRODUCT_NAME = "$(TARGET_NAME)";
				SWIFT_VERSION = 4.0;
				TARGETED_DEVICE_FAMILY = "1,2";
			};
			name = Debug;
		};
		06E0D8BA208FB09900EBDABA /* Release */ = {
			isa = XCBuildConfiguration;
			buildSettings = {
				ASSETCATALOG_COMPILER_APPICON_NAME = AppIcon;
				CODE_SIGN_STYLE = Automatic;
				INFOPLIST_FILE = "Currency Converter/Info.plist";
				LD_RUNPATH_SEARCH_PATHS = "$(inherited) @executable_path/Frameworks";
				PRODUCT_BUNDLE_IDENTIFIER = "com.alvinc.Currency-Converter";
				PRODUCT_NAME = "$(TARGET_NAME)";
				SWIFT_VERSION = 4.0;
				TARGETED_DEVICE_FAMILY = "1,2";
			};
			name = Release;
		};
		06E0D8BC208FB09900EBDABA /* Debug */ = {
			isa = XCBuildConfiguration;
			buildSettings = {
				ALWAYS_EMBED_SWIFT_STANDARD_LIBRARIES = YES;
				BUNDLE_LOADER = "$(TEST_HOST)";
				CODE_SIGN_STYLE = Automatic;
				INFOPLIST_FILE = "Currency ConverterTests/Info.plist";
				LD_RUNPATH_SEARCH_PATHS = "$(inherited) @executable_path/Frameworks @loader_path/Frameworks";
				PRODUCT_BUNDLE_IDENTIFIER = "com.alvinc.Currency-ConverterTests";
				PRODUCT_NAME = "$(TARGET_NAME)";
				SWIFT_VERSION = 4.0;
				TARGETED_DEVICE_FAMILY = "1,2";
				TEST_HOST = "$(BUILT_PRODUCTS_DIR)/Currency Converter.app/Currency Converter";
			};
			name = Debug;
		};
		06E0D8BD208FB09900EBDABA /* Release */ = {
			isa = XCBuildConfiguration;
			buildSettings = {
				ALWAYS_EMBED_SWIFT_STANDARD_LIBRARIES = YES;
				BUNDLE_LOADER = "$(TEST_HOST)";
				CODE_SIGN_STYLE = Automatic;
				INFOPLIST_FILE = "Currency ConverterTests/Info.plist";
				LD_RUNPATH_SEARCH_PATHS = "$(inherited) @executable_path/Frameworks @loader_path/Frameworks";
				PRODUCT_BUNDLE_IDENTIFIER = "com.alvinc.Currency-ConverterTests";
				PRODUCT_NAME = "$(TARGET_NAME)";
				SWIFT_VERSION = 4.0;
				TARGETED_DEVICE_FAMILY = "1,2";
				TEST_HOST = "$(BUILT_PRODUCTS_DIR)/Currency Converter.app/Currency Converter";
			};
			name = Release;
		};
/* End XCBuildConfiguration section */

/* Begin XCConfigurationList section */
		06E0D893208FB09800EBDABA /* Build configuration list for PBXProject "Currency Converter" */ = {
			isa = XCConfigurationList;
			buildConfigurations = (
				06E0D8B6208FB09900EBDABA /* Debug */,
				06E0D8B7208FB09900EBDABA /* Release */,
			);
			defaultConfigurationIsVisible = 0;
			defaultConfigurationName = Release;
		};
		06E0D8B8208FB09900EBDABA /* Build configuration list for PBXNativeTarget "Currency Converter" */ = {
			isa = XCConfigurationList;
			buildConfigurations = (
				06E0D8B9208FB09900EBDABA /* Debug */,
				06E0D8BA208FB09900EBDABA /* Release */,
			);
			defaultConfigurationIsVisible = 0;
			defaultConfigurationName = Release;
		};
		06E0D8BB208FB09900EBDABA /* Build configuration list for PBXNativeTarget "Currency ConverterTests" */ = {
			isa = XCConfigurationList;
			buildConfigurations = (
				06E0D8BC208FB09900EBDABA /* Debug */,
				06E0D8BD208FB09900EBDABA /* Release */,
			);
			defaultConfigurationIsVisible = 0;
			defaultConfigurationName = Release;
		};
/* End XCConfigurationList section */

/* Begin XCVersionGroup section */
		06E0D8A2208FB09900EBDABA /* Currency_Converter.xcdatamodeld */ = {
			isa = XCVersionGroup;
			children = (
				06E0D8A3208FB09900EBDABA /* Currency_Converter.xcdatamodel */,
			);
			currentVersion = 06E0D8A3208FB09900EBDABA /* Currency_Converter.xcdatamodel */;
			path = Currency_Converter.xcdatamodeld;
			sourceTree = "<group>";
			versionGroupType = wrapper.xcdatamodel;
		};
/* End XCVersionGroup section */
	};
	rootObject = 06E0D890208FB09800EBDABA /* Project object */;
}
